<?xml version="1.0" encoding="UTF-8" standalone="yes" ?>
<CodeBlocks_project_file>
	<FileVersion major="1" minor="6" />
	<Project>
		<Option title="TowerDefenceGame" />
		<Option pch_mode="2" />
		<Option compiler="gcc" />
		<Build>
			<Target title="Debug">
				<Option output="bin/Debug/ECS" prefix_auto="1" extension_auto="1" />
				<Option object_output="obj/Debug/" />
				<Option type="1" />
				<Option compiler="gcc" />
				<Compiler>
					<Add option="-g" />
					<Add directory="src" />
					<Add directory="/usr/include/allegro5" />
				</Compiler>
				<Linker>
					<Add library="/usr/lib/liballegro.so" />
					<Add library="/usr/lib/liballegro_acodec.so" />
					<Add library="/usr/lib/liballegro_audio.so" />
					<Add library="/usr/lib/liballegro_color.so" />
					<Add library="/usr/lib/liballegro_dialog.so" />
					<Add library="/usr/lib/liballegro_font.so" />
					<Add library="/usr/lib/liballegro_image.so" />
					<Add library="/usr/lib/liballegro_main.so" />
					<Add library="/usr/lib/liballegro_memfile.so" />
					<Add library="/usr/lib/liballegro_physfs.so" />
					<Add library="/usr/lib/liballegro_primitives.so" />
					<Add library="/usr/lib/liballegro_ttf.so" />
				</Linker>
			</Target>
			<Target title="Release">
				<Option output="bin/Release/ECS" prefix_auto="1" extension_auto="1" />
				<Option object_output="obj/Release/" />
				<Option type="1" />
				<Option compiler="gcc" />
				<Compiler>
					<Add option="-O2" />
				</Compiler>
				<Linker>
					<Add option="-s" />
				</Linker>
			</Target>
		</Build>
		<Compiler>
			<Add option="-Wall" />
		</Compiler>
		<Unit filename="src/game/components/attractee.hpp" />
		<Unit filename="src/game/components/attractor.hpp" />
		<Unit filename="src/game/components/boid.hpp" />
		<Unit filename="src/game/components/bounding_box.hpp" />
		<Unit filename="src/game/components/component.hpp" />
		<Unit filename="src/game/components/debug_info.hpp" />
		<Unit filename="src/game/components/entity_spawner.hpp" />
		<Unit filename="src/game/components/locally_aware.hpp" />
		<Unit filename="src/game/components/position.hpp" />
		<Unit filename="src/game/components/renderable.hpp" />
		<Unit filename="src/game/components/self_propelled.hpp" />
		<Unit filename="src/game/components/tracks_entity.hpp" />
		<Unit filename="src/game/components/velocity.hpp" />
		<Unit filename="src/game/events/collision_event.hpp" />
		<Unit filename="src/game/events/debug_info_display.hpp" />
		<Unit filename="src/game/events/event.hpp" />
		<Unit filename="src/game/events/move_entity_event.hpp" />
		<Unit filename="src/game/events/render_event.hpp" />
		<Unit filename="src/game/events/trigger_entity_creation_event.hpp" />
		<Unit filename="src/game/game.cpp" />
		<Unit filename="src/game/game.hpp" />
		<Unit filename="src/game/resources/wrapped_resource.hpp" />
		<Unit filename="src/game/resources/wrapped_xml.hpp" />
		<Unit filename="src/game/states/game_state.hpp" />
		<Unit filename="src/game/states/game_state_main.cpp" />
		<Unit filename="src/game/states/game_state_main.hpp" />
		<Unit filename="src/game/states/game_state_menu.cpp" />
		<Unit filename="src/game/states/game_state_menu.hpp" />
		<Unit filename="src/game/states/game_state_splash.cpp" />
		<Unit filename="src/game/states/game_state_splash.hpp" />
		<Unit filename="src/game/states/state_manager.cpp" />
		<Unit filename="src/game/states/state_manager.hpp" />
		<Unit filename="src/game/systems/collision_resolver.cpp" />
		<Unit filename="src/game/systems/collision_resolver.hpp" />
		<Unit filename="src/game/systems/debug.cpp" />
		<Unit filename="src/game/systems/debug.hpp" />
		<Unit filename="src/game/systems/entity_creation.cpp" />
		<Unit filename="src/game/systems/entity_creation.hpp" />
		<Unit filename="src/game/systems/event_handler.hpp" />
		<Unit filename="src/game/systems/event_handler_base.hpp" />
		<Unit filename="src/game/systems/movement.cpp" />
		<Unit filename="src/game/systems/movement.hpp" />
		<Unit filename="src/game/systems/navigation.cpp" />
		<Unit filename="src/game/systems/navigation.hpp" />
		<Unit filename="src/game/systems/perception.cpp" />
		<Unit filename="src/game/systems/perception.hpp" />
		<Unit filename="src/game/systems/render.cpp" />
		<Unit filename="src/game/systems/render.hpp" />
		<Unit filename="src/game/systems/system.hpp" />
		<Unit filename="src/game/systems/wrap_detection.cpp" />
		<Unit filename="src/game/systems/wrap_detection.hpp" />
		<Unit filename="src/game/utility/math2d.cpp" />
		<Unit filename="src/game/utility/math2d.hpp" />
		<Unit filename="src/game/utility/xml.hpp" />
		<Unit filename="src/game/world/component_factory.cpp" />
		<Unit filename="src/game/world/component_factory.hpp" />
		<Unit filename="src/game/world/component_type_register.cpp" />
		<Unit filename="src/game/world/component_type_register.hpp" />
		<Unit filename="src/game/world/entity.hpp" />
		<Unit filename="src/game/world/entity_manager.cpp" />
		<Unit filename="src/game/world/entity_manager.hpp" />
		<Unit filename="src/game/world/event_bus.cpp" />
		<Unit filename="src/game/world/event_bus.hpp" />
		<Unit filename="src/game/world/pool_interface.hpp" />
		<Unit filename="src/game/world/pool_wrapper.hpp" />
		<Unit filename="src/game/world/resource_manager.hpp" />
		<Unit filename="src/game/world/system_manager.cpp" />
		<Unit filename="src/game/world/system_manager.hpp" />
		<Unit filename="src/main.cpp" />
		<Unit filename="src/todo.txt" />
		<Extensions>
			<code_completion />
			<envvars />
			<debugger />
			<lib_finder disable_auto="1" />
		</Extensions>
	</Project>
</CodeBlocks_project_file>
